
Microsoft Visual Studio Solution File, Format Version 12.00
# Visual Studio Version 17
VisualStudioVersion = 17.8.34525.116
MinimumVisualStudioVersion = 10.0.40219.1
Project("{FAE04EC0-301F-11D3-BF4B-00C04F79EFBC}") = "Audio Processing", "Audio Processing\Audio Processing.csproj", "{1FB77F29-36B4-4EAD-B772-DD09B5227259}"
EndProject
Global
	GlobalSection(SolutionConfigurationPlatforms) = preSolution
		Debug|Any CPU = Debug|Any CPU
		Release|Any CPU = Release|Any CPU
	EndGlobalSection
	GlobalSection(ProjectConfigurationPlatforms) = postSolution
		{1FB77F29-36B4-4EAD-B772-DD09B5227259}.Debug|Any CPU.ActiveCfg = Debug|Any CPU
		{1FB77F29-36B4-4EAD-B772-DD09B5227259}.Debug|Any CPU.Build.0 = Debug|Any CPU
		{1FB77F29-36B4-4EAD-B772-DD09B5227259}.Release|Any CPU.ActiveCfg = Release|Any CPU
		{1FB77F29-36B4-4EAD-B772-DD09B5227259}.Release|Any CPU.Build.0 = Release|Any CPU
	EndGlobalSection
	GlobalSection(SolutionProperties) = preSolution
		HideSolutionNode = FALSE
	EndGlobalSection
	GlobalSection(ExtensibilityGlobals) = postSolution
		SolutionGuid = {19E6C2FA-ADD1-4596-AEF8-DC4F77E03A14}
	EndGlobalSection
EndGlobal
